
Microsoft Visual Studio Solution File, Format Version 12.00
# Visual Studio Version 16
VisualStudioVersion = 16.0.31515.178
MinimumVisualStudioVersion = 10.0.40219.1
Project("{9A19103F-16F7-4668-BE54-9A1E7A4F7556}") = "FishfryTours", "FIshfryTours\FishfryTours.csproj", "{FC31F012-5640-453B-8014-24DF2BB0CEDD}"
EndProject
Project("{FAE04EC0-301F-11D3-BF4B-00C04F79EFBC}") = "TestFishfry", "TestFishfry\TestFishfry.csproj", "{552BCA5D-FC70-4E83-94CB-B961F094BB63}"
EndProject
Global
	GlobalSection(SolutionConfigurationPlatforms) = preSolution
		Debug|Any CPU = Debug|Any CPU
		Release|Any CPU = Release|Any CPU
	EndGlobalSection
	GlobalSection(ProjectConfigurationPlatforms) = postSolution
		{FC31F012-5640-453B-8014-24DF2BB0CEDD}.Debug|Any CPU.ActiveCfg = Debug|Any CPU
		{FC31F012-5640-453B-8014-24DF2BB0CEDD}.Debug|Any CPU.Build.0 = Debug|Any CPU
		{FC31F012-5640-453B-8014-24DF2BB0CEDD}.Release|Any CPU.ActiveCfg = Release|Any CPU
		{FC31F012-5640-453B-8014-24DF2BB0CEDD}.Release|Any CPU.Build.0 = Release|Any CPU
		{552BCA5D-FC70-4E83-94CB-B961F094BB63}.Debug|Any CPU.ActiveCfg = Debug|Any CPU
		{552BCA5D-FC70-4E83-94CB-B961F094BB63}.Debug|Any CPU.Build.0 = Debug|Any CPU
		{552BCA5D-FC70-4E83-94CB-B961F094BB63}.Release|Any CPU.ActiveCfg = Release|Any CPU
		{552BCA5D-FC70-4E83-94CB-B961F094BB63}.Release|Any CPU.Build.0 = Release|Any CPU
	EndGlobalSection
	GlobalSection(SolutionProperties) = preSolution
		HideSolutionNode = FALSE
	EndGlobalSection
	GlobalSection(ExtensibilityGlobals) = postSolution
		SolutionGuid = {5E9D776E-54E8-4DAF-BC26-27FEBF5E1D95}
	EndGlobalSection
EndGlobal
